
Microsoft Visual Studio Solution File, Format Version 12.00
# Visual Studio 14
VisualStudioVersion = 14.0.25123.0
MinimumVisualStudioVersion = 10.0.40219.1
Project("{FAE04EC0-301F-11D3-BF4B-00C04F79EFBC}") = "StockControlUI", "StockControlUI\StockControlUI.csproj", "{63D33155-CC2E-472A-9BAD-A6C2C86FF1B5}"
EndProject
Project("{FAE04EC0-301F-11D3-BF4B-00C04F79EFBC}") = "StockControl", "StockControl\StockControl.csproj", "{C8B7DA3F-9A53-4368-936A-F3E0F002A2AF}"
EndProject
Global
	GlobalSection(SolutionConfigurationPlatforms) = preSolution
		Debug|Any CPU = Debug|Any CPU
		Release|Any CPU = Release|Any CPU
	EndGlobalSection
	GlobalSection(ProjectConfigurationPlatforms) = postSolution
		{63D33155-CC2E-472A-9BAD-A6C2C86FF1B5}.Debug|Any CPU.ActiveCfg = Debug|Any CPU
		{63D33155-CC2E-472A-9BAD-A6C2C86FF1B5}.Debug|Any CPU.Build.0 = Debug|Any CPU
		{63D33155-CC2E-472A-9BAD-A6C2C86FF1B5}.Release|Any CPU.ActiveCfg = Release|Any CPU
		{63D33155-CC2E-472A-9BAD-A6C2C86FF1B5}.Release|Any CPU.Build.0 = Release|Any CPU
		{C8B7DA3F-9A53-4368-936A-F3E0F002A2AF}.Debug|Any CPU.ActiveCfg = Debug|Any CPU
		{C8B7DA3F-9A53-4368-936A-F3E0F002A2AF}.Debug|Any CPU.Build.0 = Debug|Any CPU
		{C8B7DA3F-9A53-4368-936A-F3E0F002A2AF}.Release|Any CPU.ActiveCfg = Release|Any CPU
		{C8B7DA3F-9A53-4368-936A-F3E0F002A2AF}.Release|Any CPU.Build.0 = Release|Any CPU
	EndGlobalSection
	GlobalSection(SolutionProperties) = preSolution
		HideSolutionNode = FALSE
	EndGlobalSection
EndGlobal
